// !$*UTF8*$!
{
	archiveVersion = 1;
	classes = {
	};
	objectVersion = 54;
	objects = {

/* Begin PBXBuildFile section */
		00E356F31AD99517003FC87E /* yenne_app_25688Tests.m in Sources */ = {isa = PBXBuildFile; fileRef = 00E356F21AD99517003FC87E /* yenne_app_25688Tests.m */; };
		13B07FBC1A68108700A75B9A /* AppDelegate.m in Sources */ = {isa = PBXBuildFile; fileRef = 13B07FB01A68108700A75B9A /* AppDelegate.m */; };
		13B07FBF1A68108700A75B9A /* Images.xcassets in Resources */ = {isa = PBXBuildFile; fileRef = 13B07FB51A68108700A75B9A /* Images.xcassets */; };
		13B07FC11A68108700A75B9A /* main.m in Sources */ = {isa = PBXBuildFile; fileRef = 13B07FB71A68108700A75B9A /* main.m */; };
		2A7D5024262AAA1E00B2F364 /* Poppins-Medium.ttf in Resources */ = {isa = PBXBuildFile; fileRef = 2A7D4FAD262AA81100B2F364 /* Poppins-Medium.ttf */; };
		2A7D5029262AAC1300B2F364 /* Poppins-SemiBold.ttf in Resources */ = {isa = PBXBuildFile; fileRef = 2A7D5028262AAC0B00B2F364 /* Poppins-SemiBold.ttf */; };
		2A7D502A262AAC1300B2F364 /* Poppins-Regular.ttf in Resources */ = {isa = PBXBuildFile; fileRef = 2A7D5027262AAC0100B2F364 /* Poppins-Regular.ttf */; };
		2A91478627167DEA00654E8C /* NotificationService.swift in Sources */ = {isa = PBXBuildFile; fileRef = 2A91478527167DEA00654E8C /* NotificationService.swift */; };
		2A91478A27167DEA00654E8C /* OneSignalNotificationServiceExtension.appex in Embed App Extensions */ = {isa = PBXBuildFile; fileRef = 2A91478327167DEA00654E8C /* OneSignalNotificationServiceExtension.appex */; settings = {ATTRIBUTES = (RemoveHeadersOnCopy, ); }; };
		2AD095E42628634F00A7BFAD /* fontawesome.ttf in Resources */ = {isa = PBXBuildFile; fileRef = 2AD095BB2628634E00A7BFAD /* fontawesome.ttf */; };
		2AD095E52628634F00A7BFAD /* Lato-Regular.ttf in Resources */ = {isa = PBXBuildFile; fileRef = 2AD095BC2628634E00A7BFAD /* Lato-Regular.ttf */; };
		2AD095E62628634F00A7BFAD /* PlayfairDisplay-Regular.ttf in Resources */ = {isa = PBXBuildFile; fileRef = 2AD095BD2628634E00A7BFAD /* PlayfairDisplay-Regular.ttf */; };
		2AD095E72628634F00A7BFAD /* CrimsonText-Regular.ttf in Resources */ = {isa = PBXBuildFile; fileRef = 2AD095BE2628634E00A7BFAD /* CrimsonText-Regular.ttf */; };
		2AD095E82628634F00A7BFAD /* OpenSans-Regular.ttf in Resources */ = {isa = PBXBuildFile; fileRef = 2AD095BF2628634E00A7BFAD /* OpenSans-Regular.ttf */; };
		2AD095E92628634F00A7BFAD /* Roboto-Regular.ttf in Resources */ = {isa = PBXBuildFile; fileRef = 2AD095C02628634E00A7BFAD /* Roboto-Regular.ttf */; };
		2AD095EA2628634F00A7BFAD /* RobotoMono-BoldItalic.ttf in Resources */ = {isa = PBXBuildFile; fileRef = 2AD095C12628634E00A7BFAD /* RobotoMono-BoldItalic.ttf */; };
		2AD095EB2628634F00A7BFAD /* Roboto-Light.ttf in Resources */ = {isa = PBXBuildFile; fileRef = 2AD095C22628634E00A7BFAD /* Roboto-Light.ttf */; };
		2AD095EC2628634F00A7BFAD /* RobotoMono-Italic.ttf in Resources */ = {isa = PBXBuildFile; fileRef = 2AD095C32628634E00A7BFAD /* RobotoMono-Italic.ttf */; };
		2AD095ED2628634F00A7BFAD /* Merriweather-Italic.ttf in Resources */ = {isa = PBXBuildFile; fileRef = 2AD095C42628634E00A7BFAD /* Merriweather-Italic.ttf */; };
		2AD095EE2628634F00A7BFAD /* Lato-Bold.ttf in Resources */ = {isa = PBXBuildFile; fileRef = 2AD095C52628634E00A7BFAD /* Lato-Bold.ttf */; };
		2AD095EF2628634F00A7BFAD /* Roboto-Bold.ttf in Resources */ = {isa = PBXBuildFile; fileRef = 2AD095C62628634E00A7BFAD /* Roboto-Bold.ttf */; };
		2AD095F02628634F00A7BFAD /* Merriweather-Regular.ttf in Resources */ = {isa = PBXBuildFile; fileRef = 2AD095C72628634E00A7BFAD /* Merriweather-Regular.ttf */; };
		2AD095F12628634F00A7BFAD /* Montserrat-Bold.ttf in Resources */ = {isa = PBXBuildFile; fileRef = 2AD095C82628634E00A7BFAD /* Montserrat-Bold.ttf */; };
		2AD095F22628634F00A7BFAD /* Nunito-BoldItalic.ttf in Resources */ = {isa = PBXBuildFile; fileRef = 2AD095C92628634E00A7BFAD /* Nunito-BoldItalic.ttf */; };
		2AD095F32628634F00A7BFAD /* Lato-Italic.ttf in Resources */ = {isa = PBXBuildFile; fileRef = 2AD095CA2628634E00A7BFAD /* Lato-Italic.ttf */; };
		2AD095F42628634F00A7BFAD /* icomoon.ttf in Resources */ = {isa = PBXBuildFile; fileRef = 2AD095CB2628634E00A7BFAD /* icomoon.ttf */; };
		2AD095F52628634F00A7BFAD /* OpenSans-Italic.ttf in Resources */ = {isa = PBXBuildFile; fileRef = 2AD095CC2628634E00A7BFAD /* OpenSans-Italic.ttf */; };
		2AD095F62628634F00A7BFAD /* Righteous-Regular.ttf in Resources */ = {isa = PBXBuildFile; fileRef = 2AD095CD2628634E00A7BFAD /* Righteous-Regular.ttf */; };
		2AD095F72628634F00A7BFAD /* CrimsonText-Bold.ttf in Resources */ = {isa = PBXBuildFile; fileRef = 2AD095CE2628634E00A7BFAD /* CrimsonText-Bold.ttf */; };
		2AD095F82628634F00A7BFAD /* RobotoMono-Regular.ttf in Resources */ = {isa = PBXBuildFile; fileRef = 2AD095CF2628634E00A7BFAD /* RobotoMono-Regular.ttf */; };
		2AD095F92628634F00A7BFAD /* CrimsonText-Italic.ttf in Resources */ = {isa = PBXBuildFile; fileRef = 2AD095D02628634E00A7BFAD /* CrimsonText-Italic.ttf */; };
		2AD095FA2628634F00A7BFAD /* Merriweather-Bold.ttf in Resources */ = {isa = PBXBuildFile; fileRef = 2AD095D12628634E00A7BFAD /* Merriweather-Bold.ttf */; };
		2AD095FB2628634F00A7BFAD /* Nunito-Regular.ttf in Resources */ = {isa = PBXBuildFile; fileRef = 2AD095D22628634E00A7BFAD /* Nunito-Regular.ttf */; };
		2AD095FC2628634F00A7BFAD /* Roboto-Medium.ttf in Resources */ = {isa = PBXBuildFile; fileRef = 2AD095D32628634F00A7BFAD /* Roboto-Medium.ttf */; };
		2AD095FD2628634F00A7BFAD /* Roboto-BoldItalic.ttf in Resources */ = {isa = PBXBuildFile; fileRef = 2AD095D42628634F00A7BFAD /* Roboto-BoldItalic.ttf */; };
		2AD095FE2628634F00A7BFAD /* RobotoMono-Bold.ttf in Resources */ = {isa = PBXBuildFile; fileRef = 2AD095D52628634F00A7BFAD /* RobotoMono-Bold.ttf */; };
		2AD095FF2628634F00A7BFAD /* Nunito-Italic.ttf in Resources */ = {isa = PBXBuildFile; fileRef = 2AD095D62628634F00A7BFAD /* Nunito-Italic.ttf */; };
		2AD096002628634F00A7BFAD /* Lato-BoldItalic.ttf in Resources */ = {isa = PBXBuildFile; fileRef = 2AD095D72628634F00A7BFAD /* Lato-BoldItalic.ttf */; };
		2AD096012628634F00A7BFAD /* Montserrat-Regular.ttf in Resources */ = {isa = PBXBuildFile; fileRef = 2AD095D82628634F00A7BFAD /* Montserrat-Regular.ttf */; };
		2AD096022628634F00A7BFAD /* PlayfairDisplay-BoldItalic.ttf in Resources */ = {isa = PBXBuildFile; fileRef = 2AD095D92628634F00A7BFAD /* PlayfairDisplay-BoldItalic.ttf */; };
		2AD096032628634F00A7BFAD /* Montserrat-BoldItalic.ttf in Resources */ = {isa = PBXBuildFile; fileRef = 2AD095DA2628634F00A7BFAD /* Montserrat-BoldItalic.ttf */; };
		2AD096042628634F00A7BFAD /* PlayfairDisplay-Italic.ttf in Resources */ = {isa = PBXBuildFile; fileRef = 2AD095DB2628634F00A7BFAD /* PlayfairDisplay-Italic.ttf */; };
		2AD096052628634F00A7BFAD /* Merriweather-BoldItalic.ttf in Resources */ = {isa = PBXBuildFile; fileRef = 2AD095DC2628634F00A7BFAD /* Merriweather-BoldItalic.ttf */; };
		2AD096062628634F00A7BFAD /* CrimsonText-BoldItalic.ttf in Resources */ = {isa = PBXBuildFile; fileRef = 2AD095DD2628634F00A7BFAD /* CrimsonText-BoldItalic.ttf */; };
		2AD096072628634F00A7BFAD /* OpenSans-Bold.ttf in Resources */ = {isa = PBXBuildFile; fileRef = 2AD095DE2628634F00A7BFAD /* OpenSans-Bold.ttf */; };
		2AD096082628634F00A7BFAD /* OpenSans-BoldItalic.ttf in Resources */ = {isa = PBXBuildFile; fileRef = 2AD095DF2628634F00A7BFAD /* OpenSans-BoldItalic.ttf */; };
		2AD096092628634F00A7BFAD /* PlayfairDisplay-Bold.ttf in Resources */ = {isa = PBXBuildFile; fileRef = 2AD095E02628634F00A7BFAD /* PlayfairDisplay-Bold.ttf */; };
		2AD0960A2628634F00A7BFAD /* Roboto-Italic.ttf in Resources */ = {isa = PBXBuildFile; fileRef = 2AD095E12628634F00A7BFAD /* Roboto-Italic.ttf */; };
		2AD0960B2628634F00A7BFAD /* Nunito-Bold.ttf in Resources */ = {isa = PBXBuildFile; fileRef = 2AD095E22628634F00A7BFAD /* Nunito-Bold.ttf */; };
		2AD0960C2628634F00A7BFAD /* Montserrat-Italic.ttf in Resources */ = {isa = PBXBuildFile; fileRef = 2AD095E32628634F00A7BFAD /* Montserrat-Italic.ttf */; };
		2AD271BD264B21840032AAAF /* libRNGoogleSignin.a in Frameworks */ = {isa = PBXBuildFile; fileRef = 2AD271BC264B21840032AAAF /* libRNGoogleSignin.a */; };
		2AD27208264B23A40032AAAF /* SafariServices.framework in Frameworks */ = {isa = PBXBuildFile; fileRef = 2AD27207264B23A40032AAAF /* SafariServices.framework */; };
		2AD2720A264B23AF0032AAAF /* SystemConfiguration.framework in Frameworks */ = {isa = PBXBuildFile; fileRef = 2AD27209264B23AF0032AAAF /* SystemConfiguration.framework */; };
		2AD2720C264B23C00032AAAF /* libz.tbd in Frameworks */ = {isa = PBXBuildFile; fileRef = 2AD2720B264B23C00032AAAF /* libz.tbd */; };
		2AD4041C26287EEA00E6A900 /* libswiftWebKit.tbd in Frameworks */ = {isa = PBXBuildFile; fileRef = 2AD4041B26287EEA00E6A900 /* libswiftWebKit.tbd */; };
		595C16F82AF435875D152191 /* libPods-yenne_app_25688.a in Frameworks */ = {isa = PBXBuildFile; fileRef = 2084194BB09B5BBEE8364F94 /* libPods-yenne_app_25688.a */; };
		81AB9BB82411601600AC10FF /* LaunchScreen.storyboard in Resources */ = {isa = PBXBuildFile; fileRef = 81AB9BB72411601600AC10FF /* LaunchScreen.storyboard */; };
		98C2EDA0747015980A47C2FD /* libPods-yenne_app_25688-yenne_app_25688Tests.a in Frameworks */ = {isa = PBXBuildFile; fileRef = 223F7E5DFD9C78AD878B00C3 /* libPods-yenne_app_25688-yenne_app_25688Tests.a */; };
		AB3AB084F80E682DA81D9027 /* libPods-OneSignalNotificationServiceExtension.a in Frameworks */ = {isa = PBXBuildFile; fileRef = 3F4076C07B0C970A86DC17EF /* libPods-OneSignalNotificationServiceExtension.a */; };
/* End PBXBuildFile section */

/* Begin PBXContainerItemProxy section */
		00E356F41AD99517003FC87E /* PBXContainerItemProxy */ = {
			isa = PBXContainerItemProxy;
			containerPortal = 83CBB9F71A601CBA00E9B192 /* Project object */;
			proxyType = 1;
			remoteGlobalIDString = 13B07F861A680F5B00A75B9A;
			remoteInfo = yenne_app_25688;
		};
		2A91478827167DEA00654E8C /* PBXContainerItemProxy */ = {
			isa = PBXContainerItemProxy;
			containerPortal = 83CBB9F71A601CBA00E9B192 /* Project object */;
			proxyType = 1;
			remoteGlobalIDString = 2A91478227167DEA00654E8C;
			remoteInfo = OneSignalNotificationServiceExtension;
		};
/* End PBXContainerItemProxy section */

/* Begin PBXCopyFilesBuildPhase section */
		2A91478E27167DEA00654E8C /* Embed App Extensions */ = {
			isa = PBXCopyFilesBuildPhase;
			buildActionMask = 2147483647;
			dstPath = "";
			dstSubfolderSpec = 13;
			files = (
				2A91478A27167DEA00654E8C /* OneSignalNotificationServiceExtension.appex in Embed App Extensions */,
			);
			name = "Embed App Extensions";
			runOnlyForDeploymentPostprocessing = 0;
		};
/* End PBXCopyFilesBuildPhase section */

/* Begin PBXFileReference section */
		00E356EE1AD99517003FC87E /* yenne_app_25688Tests.xctest */ = {isa = PBXFileReference; explicitFileType = wrapper.cfbundle; includeInIndex = 0; path = yenne_app_25688Tests.xctest; sourceTree = BUILT_PRODUCTS_DIR; };
		00E356F11AD99517003FC87E /* Info.plist */ = {isa = PBXFileReference; lastKnownFileType = text.plist.xml; path = Info.plist; sourceTree = "<group>"; };
		00E356F21AD99517003FC87E /* yenne_app_25688Tests.m */ = {isa = PBXFileReference; lastKnownFileType = sourcecode.c.objc; path = yenne_app_25688Tests.m; sourceTree = "<group>"; };
		13B07F961A680F5B00A75B9A /* yenne_app_25688.app */ = {isa = PBXFileReference; explicitFileType = wrapper.application; includeInIndex = 0; path = yenne_app_25688.app; sourceTree = BUILT_PRODUCTS_DIR; };
		13B07FAF1A68108700A75B9A /* AppDelegate.h */ = {isa = PBXFileReference; fileEncoding = 4; lastKnownFileType = sourcecode.c.h; name = AppDelegate.h; path = yenne_app_25688/AppDelegate.h; sourceTree = "<group>"; };
		13B07FB01A68108700A75B9A /* AppDelegate.m */ = {isa = PBXFileReference; fileEncoding = 4; lastKnownFileType = sourcecode.c.objc; name = AppDelegate.m; path = yenne_app_25688/AppDelegate.m; sourceTree = "<group>"; };
		13B07FB51A68108700A75B9A /* Images.xcassets */ = {isa = PBXFileReference; lastKnownFileType = folder.assetcatalog; name = Images.xcassets; path = yenne_app_25688/Images.xcassets; sourceTree = "<group>"; };
		13B07FB61A68108700A75B9A /* Info.plist */ = {isa = PBXFileReference; fileEncoding = 4; lastKnownFileType = text.plist.xml; name = Info.plist; path = yenne_app_25688/Info.plist; sourceTree = "<group>"; };
		13B07FB71A68108700A75B9A /* main.m */ = {isa = PBXFileReference; fileEncoding = 4; lastKnownFileType = sourcecode.c.objc; name = main.m; path = yenne_app_25688/main.m; sourceTree = "<group>"; };
		2084194BB09B5BBEE8364F94 /* libPods-yenne_app_25688.a */ = {isa = PBXFileReference; explicitFileType = archive.ar; includeInIndex = 0; path = "libPods-yenne_app_25688.a"; sourceTree = BUILT_PRODUCTS_DIR; };
		214CE14E1BFC59B538C66D6C /* Pods-yenne_app_25688-yenne_app_25688Tests.debug.xcconfig */ = {isa = PBXFileReference; includeInIndex = 1; lastKnownFileType = text.xcconfig; name = "Pods-yenne_app_25688-yenne_app_25688Tests.debug.xcconfig"; path = "Target Support Files/Pods-yenne_app_25688-yenne_app_25688Tests/Pods-yenne_app_25688-yenne_app_25688Tests.debug.xcconfig"; sourceTree = "<group>"; };
		223F7E5DFD9C78AD878B00C3 /* libPods-yenne_app_25688-yenne_app_25688Tests.a */ = {isa = PBXFileReference; explicitFileType = archive.ar; includeInIndex = 0; path = "libPods-yenne_app_25688-yenne_app_25688Tests.a"; sourceTree = BUILT_PRODUCTS_DIR; };
		2A5ECBD4263A65DF00B2A9FB /* yenne_app_25688.entitlements */ = {isa = PBXFileReference; lastKnownFileType = text.plist.entitlements; name = yenne_app_25688.entitlements; path = yenne_app_25688/yenne_app_25688.entitlements; sourceTree = "<group>"; };
		2A7D4FAD262AA81100B2F364 /* Poppins-Medium.ttf */ = {isa = PBXFileReference; lastKnownFileType = file; name = "Poppins-Medium.ttf"; path = "../../../../Downloads/Poppins/Poppins-Medium.ttf"; sourceTree = "<group>"; };
		2A7D5027262AAC0100B2F364 /* Poppins-Regular.ttf */ = {isa = PBXFileReference; lastKnownFileType = file; name = "Poppins-Regular.ttf"; path = "../src/assets/fonts/Poppins-Regular.ttf"; sourceTree = "<group>"; };
		2A7D5028262AAC0B00B2F364 /* Poppins-SemiBold.ttf */ = {isa = PBXFileReference; lastKnownFileType = file; name = "Poppins-SemiBold.ttf"; path = "../src/assets/fonts/Poppins-SemiBold.ttf"; sourceTree = "<group>"; };
		2A91478327167DEA00654E8C /* OneSignalNotificationServiceExtension.appex */ = {isa = PBXFileReference; explicitFileType = "wrapper.app-extension"; includeInIndex = 0; path = OneSignalNotificationServiceExtension.appex; sourceTree = BUILT_PRODUCTS_DIR; };
		2A91478527167DEA00654E8C /* NotificationService.swift */ = {isa = PBXFileReference; lastKnownFileType = sourcecode.swift; path = NotificationService.swift; sourceTree = "<group>"; };
		2A91478727167DEA00654E8C /* Info.plist */ = {isa = PBXFileReference; lastKnownFileType = text.plist.xml; path = Info.plist; sourceTree = "<group>"; };
		2AD095BB2628634E00A7BFAD /* fontawesome.ttf */ = {isa = PBXFileReference; lastKnownFileType = file; name = fontawesome.ttf; path = ../src/assets/fonts/fontawesome.ttf; sourceTree = "<group>"; };
		2AD095BC2628634E00A7BFAD /* Lato-Regular.ttf */ = {isa = PBXFileReference; lastKnownFileType = file; name = "Lato-Regular.ttf"; path = "../src/assets/fonts/Lato-Regular.ttf"; sourceTree = "<group>"; };
		2AD095BD2628634E00A7BFAD /* PlayfairDisplay-Regular.ttf */ = {isa = PBXFileReference; lastKnownFileType = file; name = "PlayfairDisplay-Regular.ttf"; path = "../src/assets/fonts/PlayfairDisplay-Regular.ttf"; sourceTree = "<group>"; };
		2AD095BE2628634E00A7BFAD /* CrimsonText-Regular.ttf */ = {isa = PBXFileReference; lastKnownFileType = file; name = "CrimsonText-Regular.ttf"; path = "../src/assets/fonts/CrimsonText-Regular.ttf"; sourceTree = "<group>"; };
		2AD095BF2628634E00A7BFAD /* OpenSans-Regular.ttf */ = {isa = PBXFileReference; lastKnownFileType = file; name = "OpenSans-Regular.ttf"; path = "../src/assets/fonts/OpenSans-Regular.ttf"; sourceTree = "<group>"; };
		2AD095C02628634E00A7BFAD /* Roboto-Regular.ttf */ = {isa = PBXFileReference; lastKnownFileType = file; name = "Roboto-Regular.ttf"; path = "../src/assets/fonts/Roboto-Regular.ttf"; sourceTree = "<group>"; };
		2AD095C12628634E00A7BFAD /* RobotoMono-BoldItalic.ttf */ = {isa = PBXFileReference; lastKnownFileType = file; name = "RobotoMono-BoldItalic.ttf"; path = "../src/assets/fonts/RobotoMono-BoldItalic.ttf"; sourceTree = "<group>"; };
		2AD095C22628634E00A7BFAD /* Roboto-Light.ttf */ = {isa = PBXFileReference; lastKnownFileType = file; name = "Roboto-Light.ttf"; path = "../src/assets/fonts/Roboto-Light.ttf"; sourceTree = "<group>"; };
		2AD095C32628634E00A7BFAD /* RobotoMono-Italic.ttf */ = {isa = PBXFileReference; lastKnownFileType = file; name = "RobotoMono-Italic.ttf"; path = "../src/assets/fonts/RobotoMono-Italic.ttf"; sourceTree = "<group>"; };
		2AD095C42628634E00A7BFAD /* Merriweather-Italic.ttf */ = {isa = PBXFileReference; lastKnownFileType = file; name = "Merriweather-Italic.ttf"; path = "../src/assets/fonts/Merriweather-Italic.ttf"; sourceTree = "<group>"; };
		2AD095C52628634E00A7BFAD /* Lato-Bold.ttf */ = {isa = PBXFileReference; lastKnownFileType = file; name = "Lato-Bold.ttf"; path = "../src/assets/fonts/Lato-Bold.ttf"; sourceTree = "<group>"; };
		2AD095C62628634E00A7BFAD /* Roboto-Bold.ttf */ = {isa = PBXFileReference; lastKnownFileType = file; name = "Roboto-Bold.ttf"; path = "../src/assets/fonts/Roboto-Bold.ttf"; sourceTree = "<group>"; };
		2AD095C72628634E00A7BFAD /* Merriweather-Regular.ttf */ = {isa = PBXFileReference; lastKnownFileType = file; name = "Merriweather-Regular.ttf"; path = "../src/assets/fonts/Merriweather-Regular.ttf"; sourceTree = "<group>"; };
		2AD095C82628634E00A7BFAD /* Montserrat-Bold.ttf */ = {isa = PBXFileReference; lastKnownFileType = file; name = "Montserrat-Bold.ttf"; path = "../src/assets/fonts/Montserrat-Bold.ttf"; sourceTree = "<group>"; };
		2AD095C92628634E00A7BFAD /* Nunito-BoldItalic.ttf */ = {isa = PBXFileReference; lastKnownFileType = file; name = "Nunito-BoldItalic.ttf"; path = "../src/assets/fonts/Nunito-BoldItalic.ttf"; sourceTree = "<group>"; };
		2AD095CA2628634E00A7BFAD /* Lato-Italic.ttf */ = {isa = PBXFileReference; lastKnownFileType = file; name = "Lato-Italic.ttf"; path = "../src/assets/fonts/Lato-Italic.ttf"; sourceTree = "<group>"; };
		2AD095CB2628634E00A7BFAD /* icomoon.ttf */ = {isa = PBXFileReference; lastKnownFileType = file; name = icomoon.ttf; path = ../src/assets/fonts/icomoon.ttf; sourceTree = "<group>"; };
		2AD095CC2628634E00A7BFAD /* OpenSans-Italic.ttf */ = {isa = PBXFileReference; lastKnownFileType = file; name = "OpenSans-Italic.ttf"; path = "../src/assets/fonts/OpenSans-Italic.ttf"; sourceTree = "<group>"; };
		2AD095CD2628634E00A7BFAD /* Righteous-Regular.ttf */ = {isa = PBXFileReference; lastKnownFileType = file; name = "Righteous-Regular.ttf"; path = "../src/assets/fonts/Righteous-Regular.ttf"; sourceTree = "<group>"; };
		2AD095CE2628634E00A7BFAD /* CrimsonText-Bold.ttf */ = {isa = PBXFileReference; lastKnownFileType = file; name = "CrimsonText-Bold.ttf"; path = "../src/assets/fonts/CrimsonText-Bold.ttf"; sourceTree = "<group>"; };
		2AD095CF2628634E00A7BFAD /* RobotoMono-Regular.ttf */ = {isa = PBXFileReference; lastKnownFileType = file; name = "RobotoMono-Regular.ttf"; path = "../src/assets/fonts/RobotoMono-Regular.ttf"; sourceTree = "<group>"; };
		2AD095D02628634E00A7BFAD /* CrimsonText-Italic.ttf */ = {isa = PBXFileReference; lastKnownFileType = file; name = "CrimsonText-Italic.ttf"; path = "../src/assets/fonts/CrimsonText-Italic.ttf"; sourceTree = "<group>"; };
		2AD095D12628634E00A7BFAD /* Merriweather-Bold.ttf */ = {isa = PBXFileReference; lastKnownFileType = file; name = "Merriweather-Bold.ttf"; path = "../src/assets/fonts/Merriweather-Bold.ttf"; sourceTree = "<group>"; };
		2AD095D22628634E00A7BFAD /* Nunito-Regular.ttf */ = {isa = PBXFileReference; lastKnownFileType = file; name = "Nunito-Regular.ttf"; path = "../src/assets/fonts/Nunito-Regular.ttf"; sourceTree = "<group>"; };
		2AD095D32628634F00A7BFAD /* Roboto-Medium.ttf */ = {isa = PBXFileReference; lastKnownFileType = file; name = "Roboto-Medium.ttf"; path = "../src/assets/fonts/Roboto-Medium.ttf"; sourceTree = "<group>"; };
		2AD095D42628634F00A7BFAD /* Roboto-BoldItalic.ttf */ = {isa = PBXFileReference; lastKnownFileType = file; name = "Roboto-BoldItalic.ttf"; path = "../src/assets/fonts/Roboto-BoldItalic.ttf"; sourceTree = "<group>"; };
		2AD095D52628634F00A7BFAD /* RobotoMono-Bold.ttf */ = {isa = PBXFileReference; lastKnownFileType = file; name = "RobotoMono-Bold.ttf"; path = "../src/assets/fonts/RobotoMono-Bold.ttf"; sourceTree = "<group>"; };
		2AD095D62628634F00A7BFAD /* Nunito-Italic.ttf */ = {isa = PBXFileReference; lastKnownFileType = file; name = "Nunito-Italic.ttf"; path = "../src/assets/fonts/Nunito-Italic.ttf"; sourceTree = "<group>"; };
		2AD095D72628634F00A7BFAD /* Lato-BoldItalic.ttf */ = {isa = PBXFileReference; lastKnownFileType = file; name = "Lato-BoldItalic.ttf"; path = "../src/assets/fonts/Lato-BoldItalic.ttf"; sourceTree = "<group>"; };
		2AD095D82628634F00A7BFAD /* Montserrat-Regular.ttf */ = {isa = PBXFileReference; lastKnownFileType = file; name = "Montserrat-Regular.ttf"; path = "../src/assets/fonts/Montserrat-Regular.ttf"; sourceTree = "<group>"; };
		2AD095D92628634F00A7BFAD /* PlayfairDisplay-BoldItalic.ttf */ = {isa = PBXFileReference; lastKnownFileType = file; name = "PlayfairDisplay-BoldItalic.ttf"; path = "../src/assets/fonts/PlayfairDisplay-BoldItalic.ttf"; sourceTree = "<group>"; };
		2AD095DA2628634F00A7BFAD /* Montserrat-BoldItalic.ttf */ = {isa = PBXFileReference; lastKnownFileType = file; name = "Montserrat-BoldItalic.ttf"; path = "../src/assets/fonts/Montserrat-BoldItalic.ttf"; sourceTree = "<group>"; };
		2AD095DB2628634F00A7BFAD /* PlayfairDisplay-Italic.ttf */ = {isa = PBXFileReference; lastKnownFileType = file; name = "PlayfairDisplay-Italic.ttf"; path = "../src/assets/fonts/PlayfairDisplay-Italic.ttf"; sourceTree = "<group>"; };
		2AD095DC2628634F00A7BFAD /* Merriweather-BoldItalic.ttf */ = {isa = PBXFileReference; lastKnownFileType = file; name = "Merriweather-BoldItalic.ttf"; path = "../src/assets/fonts/Merriweather-BoldItalic.ttf"; sourceTree = "<group>"; };
		2AD095DD2628634F00A7BFAD /* CrimsonText-BoldItalic.ttf */ = {isa = PBXFileReference; lastKnownFileType = file; name = "CrimsonText-BoldItalic.ttf"; path = "../src/assets/fonts/CrimsonText-BoldItalic.ttf"; sourceTree = "<group>"; };
		2AD095DE2628634F00A7BFAD /* OpenSans-Bold.ttf */ = {isa = PBXFileReference; lastKnownFileType = file; name = "OpenSans-Bold.ttf"; path = "../src/assets/fonts/OpenSans-Bold.ttf"; sourceTree = "<group>"; };
		2AD095DF2628634F00A7BFAD /* OpenSans-BoldItalic.ttf */ = {isa = PBXFileReference; lastKnownFileType = file; name = "OpenSans-BoldItalic.ttf"; path = "../src/assets/fonts/OpenSans-BoldItalic.ttf"; sourceTree = "<group>"; };
		2AD095E02628634F00A7BFAD /* PlayfairDisplay-Bold.ttf */ = {isa = PBXFileReference; lastKnownFileType = file; name = "PlayfairDisplay-Bold.ttf"; path = "../src/assets/fonts/PlayfairDisplay-Bold.ttf"; sourceTree = "<group>"; };
		2AD095E12628634F00A7BFAD /* Roboto-Italic.ttf */ = {isa = PBXFileReference; lastKnownFileType = file; name = "Roboto-Italic.ttf"; path = "../src/assets/fonts/Roboto-Italic.ttf"; sourceTree = "<group>"; };
		2AD095E22628634F00A7BFAD /* Nunito-Bold.ttf */ = {isa = PBXFileReference; lastKnownFileType = file; name = "Nunito-Bold.ttf"; path = "../src/assets/fonts/Nunito-Bold.ttf"; sourceTree = "<group>"; };
		2AD095E32628634F00A7BFAD /* Montserrat-Italic.ttf */ = {isa = PBXFileReference; lastKnownFileType = file; name = "Montserrat-Italic.ttf"; path = "../src/assets/fonts/Montserrat-Italic.ttf"; sourceTree = "<group>"; };
		2AD271BC264B21840032AAAF /* libRNGoogleSignin.a */ = {isa = PBXFileReference; explicitFileType = archive.ar; path = libRNGoogleSignin.a; sourceTree = BUILT_PRODUCTS_DIR; };
		2AD271FF264B22F60032AAAF /* GoogleSignIn.bundle */ = {isa = PBXFileReference; lastKnownFileType = "wrapper.plug-in"; name = GoogleSignIn.bundle; path = "../../../../Downloads/google_signin_sdk_5_0_2 2/GoogleSignIn.bundle"; sourceTree = "<group>"; };
		2AD27205264B231C0032AAAF /* GoogleSignInDependencies.framework */ = {isa = PBXFileReference; lastKnownFileType = wrapper.framework; name = GoogleSignInDependencies.framework; path = "../../../../Downloads/google_signin_sdk_5_0_2 2/GoogleSignInDependencies.framework"; sourceTree = "<group>"; };
		2AD27207264B23A40032AAAF /* SafariServices.framework */ = {isa = PBXFileReference; lastKnownFileType = wrapper.framework; name = SafariServices.framework; path = System/Library/Frameworks/SafariServices.framework; sourceTree = SDKROOT; };
		2AD27209264B23AF0032AAAF /* SystemConfiguration.framework */ = {isa = PBXFileReference; lastKnownFileType = wrapper.framework; name = SystemConfiguration.framework; path = System/Library/Frameworks/SystemConfiguration.framework; sourceTree = SDKROOT; };
		2AD2720B264B23C00032AAAF /* libz.tbd */ = {isa = PBXFileReference; lastKnownFileType = "sourcecode.text-based-dylib-definition"; name = libz.tbd; path = usr/lib/libz.tbd; sourceTree = SDKROOT; };
		2AD272D0264B28BB0032AAAF /* GoogleSignIn.framework */ = {isa = PBXFileReference; lastKnownFileType = wrapper.framework; name = GoogleSignIn.framework; path = "../../../../Downloads/google_signin_sdk_5_0_2 3/GoogleSignIn.framework"; sourceTree = "<group>"; };
		2AD4041B26287EEA00E6A900 /* libswiftWebKit.tbd */ = {isa = PBXFileReference; lastKnownFileType = "sourcecode.text-based-dylib-definition"; name = libswiftWebKit.tbd; path = usr/lib/swift/libswiftWebKit.tbd; sourceTree = SDKROOT; };
		3F4076C07B0C970A86DC17EF /* libPods-OneSignalNotificationServiceExtension.a */ = {isa = PBXFileReference; explicitFileType = archive.ar; includeInIndex = 0; path = "libPods-OneSignalNotificationServiceExtension.a"; sourceTree = BUILT_PRODUCTS_DIR; };
		70524876AD26A5DFA55196A3 /* Pods-OneSignalNotificationServiceExtension.release.xcconfig */ = {isa = PBXFileReference; includeInIndex = 1; lastKnownFileType = text.xcconfig; name = "Pods-OneSignalNotificationServiceExtension.release.xcconfig"; path = "Target Support Files/Pods-OneSignalNotificationServiceExtension/Pods-OneSignalNotificationServiceExtension.release.xcconfig"; sourceTree = "<group>"; };
		7718BA26529E9AFB4BF9B7C2 /* Pods-yenne_app_25688.release.xcconfig */ = {isa = PBXFileReference; includeInIndex = 1; lastKnownFileType = text.xcconfig; name = "Pods-yenne_app_25688.release.xcconfig"; path = "Target Support Files/Pods-yenne_app_25688/Pods-yenne_app_25688.release.xcconfig"; sourceTree = "<group>"; };
		81AB9BB72411601600AC10FF /* LaunchScreen.storyboard */ = {isa = PBXFileReference; fileEncoding = 4; lastKnownFileType = file.storyboard; name = LaunchScreen.storyboard; path = yenne_app_25688/LaunchScreen.storyboard; sourceTree = "<group>"; };
		B71DE9BD21837A31629D830F /* Pods-yenne_app_25688-yenne_app_25688Tests.release.xcconfig */ = {isa = PBXFileReference; includeInIndex = 1; lastKnownFileType = text.xcconfig; name = "Pods-yenne_app_25688-yenne_app_25688Tests.release.xcconfig"; path = "Target Support Files/Pods-yenne_app_25688-yenne_app_25688Tests/Pods-yenne_app_25688-yenne_app_25688Tests.release.xcconfig"; sourceTree = "<group>"; };
		DA477B82E2E25FB47D4501D7 /* Pods-yenne_app_25688.debug.xcconfig */ = {isa = PBXFileReference; includeInIndex = 1; lastKnownFileType = text.xcconfig; name = "Pods-yenne_app_25688.debug.xcconfig"; path = "Target Support Files/Pods-yenne_app_25688/Pods-yenne_app_25688.debug.xcconfig"; sourceTree = "<group>"; };
		DB41801C062054BE91778BF3 /* Pods-OneSignalNotificationServiceExtension.debug.xcconfig */ = {isa = PBXFileReference; includeInIndex = 1; lastKnownFileType = text.xcconfig; name = "Pods-OneSignalNotificationServiceExtension.debug.xcconfig"; path = "Target Support Files/Pods-OneSignalNotificationServiceExtension/Pods-OneSignalNotificationServiceExtension.debug.xcconfig"; sourceTree = "<group>"; };
		ED297162215061F000B7C4FE /* JavaScriptCore.framework */ = {isa = PBXFileReference; lastKnownFileType = wrapper.framework; name = JavaScriptCore.framework; path = System/Library/Frameworks/JavaScriptCore.framework; sourceTree = SDKROOT; };
/* End PBXFileReference section */

/* Begin PBXFrameworksBuildPhase section */
		00E356EB1AD99517003FC87E /* Frameworks */ = {
			isa = PBXFrameworksBuildPhase;
			buildActionMask = 2147483647;
			files = (
				98C2EDA0747015980A47C2FD /* libPods-yenne_app_25688-yenne_app_25688Tests.a in Frameworks */,
			);
			runOnlyForDeploymentPostprocessing = 0;
		};
		13B07F8C1A680F5B00A75B9A /* Frameworks */ = {
			isa = PBXFrameworksBuildPhase;
			buildActionMask = 2147483647;
			files = (
				2AD2720C264B23C00032AAAF /* libz.tbd in Frameworks */,
				2AD2720A264B23AF0032AAAF /* SystemConfiguration.framework in Frameworks */,
				2AD27208264B23A40032AAAF /* SafariServices.framework in Frameworks */,
				2AD271BD264B21840032AAAF /* libRNGoogleSignin.a in Frameworks */,
				2AD4041C26287EEA00E6A900 /* libswiftWebKit.tbd in Frameworks */,
				595C16F82AF435875D152191 /* libPods-yenne_app_25688.a in Frameworks */,
			);
			runOnlyForDeploymentPostprocessing = 0;
		};
		2A91478027167DEA00654E8C /* Frameworks */ = {
			isa = PBXFrameworksBuildPhase;
			buildActionMask = 2147483647;
			files = (
				AB3AB084F80E682DA81D9027 /* libPods-OneSignalNotificationServiceExtension.a in Frameworks */,
			);
			runOnlyForDeploymentPostprocessing = 0;
		};
/* End PBXFrameworksBuildPhase section */

/* Begin PBXGroup section */
		00E356EF1AD99517003FC87E /* yenne_app_25688Tests */ = {
			isa = PBXGroup;
			children = (
				00E356F21AD99517003FC87E /* yenne_app_25688Tests.m */,
				00E356F01AD99517003FC87E /* Supporting Files */,
			);
			path = yenne_app_25688Tests;
			sourceTree = "<group>";
		};
		00E356F01AD99517003FC87E /* Supporting Files */ = {
			isa = PBXGroup;
			children = (
				00E356F11AD99517003FC87E /* Info.plist */,
			);
			name = "Supporting Files";
			sourceTree = "<group>";
		};
		13B07FAE1A68108700A75B9A /* yenne_app_25688 */ = {
			isa = PBXGroup;
			children = (
				2A5ECBD4263A65DF00B2A9FB /* yenne_app_25688.entitlements */,
				13B07FAF1A68108700A75B9A /* AppDelegate.h */,
				13B07FB01A68108700A75B9A /* AppDelegate.m */,
				13B07FB51A68108700A75B9A /* Images.xcassets */,
				13B07FB61A68108700A75B9A /* Info.plist */,
				81AB9BB72411601600AC10FF /* LaunchScreen.storyboard */,
				13B07FB71A68108700A75B9A /* main.m */,
			);
			name = yenne_app_25688;
			sourceTree = "<group>";
		};
		2A91478427167DEA00654E8C /* OneSignalNotificationServiceExtension */ = {
			isa = PBXGroup;
			children = (
				2A91478527167DEA00654E8C /* NotificationService.swift */,
				2A91478727167DEA00654E8C /* Info.plist */,
			);
			path = OneSignalNotificationServiceExtension;
			sourceTree = "<group>";
		};
		2AD40495262888B800E6A900 /* Resources */ = {
			isa = PBXGroup;
			children = (
				2AD095CE2628634E00A7BFAD /* CrimsonText-Bold.ttf */,
				2AD095DD2628634F00A7BFAD /* CrimsonText-BoldItalic.ttf */,
				2AD095D02628634E00A7BFAD /* CrimsonText-Italic.ttf */,
				2AD095BE2628634E00A7BFAD /* CrimsonText-Regular.ttf */,
				2AD095BB2628634E00A7BFAD /* fontawesome.ttf */,
				2AD095CB2628634E00A7BFAD /* icomoon.ttf */,
				2AD095C52628634E00A7BFAD /* Lato-Bold.ttf */,
				2AD095D72628634F00A7BFAD /* Lato-BoldItalic.ttf */,
				2AD095CA2628634E00A7BFAD /* Lato-Italic.ttf */,
				2AD095BC2628634E00A7BFAD /* Lato-Regular.ttf */,
				2AD095D12628634E00A7BFAD /* Merriweather-Bold.ttf */,
				2AD095DC2628634F00A7BFAD /* Merriweather-BoldItalic.ttf */,
				2A7D5028262AAC0B00B2F364 /* Poppins-SemiBold.ttf */,
				2A7D5027262AAC0100B2F364 /* Poppins-Regular.ttf */,
				2AD095C42628634E00A7BFAD /* Merriweather-Italic.ttf */,
				2AD095C72628634E00A7BFAD /* Merriweather-Regular.ttf */,
				2AD095C82628634E00A7BFAD /* Montserrat-Bold.ttf */,
				2AD095DA2628634F00A7BFAD /* Montserrat-BoldItalic.ttf */,
				2AD095E32628634F00A7BFAD /* Montserrat-Italic.ttf */,
				2AD095D82628634F00A7BFAD /* Montserrat-Regular.ttf */,
				2AD095E22628634F00A7BFAD /* Nunito-Bold.ttf */,
				2AD095C92628634E00A7BFAD /* Nunito-BoldItalic.ttf */,
				2AD095D62628634F00A7BFAD /* Nunito-Italic.ttf */,
				2AD095D22628634E00A7BFAD /* Nunito-Regular.ttf */,
				2AD095DE2628634F00A7BFAD /* OpenSans-Bold.ttf */,
				2AD095DF2628634F00A7BFAD /* OpenSans-BoldItalic.ttf */,
				2AD095CC2628634E00A7BFAD /* OpenSans-Italic.ttf */,
				2AD095BF2628634E00A7BFAD /* OpenSans-Regular.ttf */,
				2AD095E02628634F00A7BFAD /* PlayfairDisplay-Bold.ttf */,
				2AD095D92628634F00A7BFAD /* PlayfairDisplay-BoldItalic.ttf */,
				2AD095DB2628634F00A7BFAD /* PlayfairDisplay-Italic.ttf */,
				2AD095BD2628634E00A7BFAD /* PlayfairDisplay-Regular.ttf */,
				2AD095CD2628634E00A7BFAD /* Righteous-Regular.ttf */,
				2AD095C62628634E00A7BFAD /* Roboto-Bold.ttf */,
				2A7D4FAD262AA81100B2F364 /* Poppins-Medium.ttf */,
				2AD095D42628634F00A7BFAD /* Roboto-BoldItalic.ttf */,
				2AD095E12628634F00A7BFAD /* Roboto-Italic.ttf */,
				2AD095C22628634E00A7BFAD /* Roboto-Light.ttf */,
				2AD095D32628634F00A7BFAD /* Roboto-Medium.ttf */,
				2AD095C02628634E00A7BFAD /* Roboto-Regular.ttf */,
				2AD095D52628634F00A7BFAD /* RobotoMono-Bold.ttf */,
				2AD095C12628634E00A7BFAD /* RobotoMono-BoldItalic.ttf */,
				2AD095C32628634E00A7BFAD /* RobotoMono-Italic.ttf */,
				2AD095CF2628634E00A7BFAD /* RobotoMono-Regular.ttf */,
			);
			name = Resources;
			sourceTree = "<group>";
		};
		2D16E6871FA4F8E400B85C8A /* Frameworks */ = {
			isa = PBXGroup;
			children = (
				2AD2720B264B23C00032AAAF /* libz.tbd */,
				2AD27209264B23AF0032AAAF /* SystemConfiguration.framework */,
				2AD27207264B23A40032AAAF /* SafariServices.framework */,
				2AD271FF264B22F60032AAAF /* GoogleSignIn.bundle */,
				2AD271BC264B21840032AAAF /* libRNGoogleSignin.a */,
				2AD272D0264B28BB0032AAAF /* GoogleSignIn.framework */,
				2AD4041B26287EEA00E6A900 /* libswiftWebKit.tbd */,
				ED297162215061F000B7C4FE /* JavaScriptCore.framework */,
				2AD27205264B231C0032AAAF /* GoogleSignInDependencies.framework */,
				2084194BB09B5BBEE8364F94 /* libPods-yenne_app_25688.a */,
				223F7E5DFD9C78AD878B00C3 /* libPods-yenne_app_25688-yenne_app_25688Tests.a */,
				3F4076C07B0C970A86DC17EF /* libPods-OneSignalNotificationServiceExtension.a */,
			);
			name = Frameworks;
			sourceTree = "<group>";
		};
		30E247087D3B80C174E140A5 /* Pods */ = {
			isa = PBXGroup;
			children = (
				DA477B82E2E25FB47D4501D7 /* Pods-yenne_app_25688.debug.xcconfig */,
				7718BA26529E9AFB4BF9B7C2 /* Pods-yenne_app_25688.release.xcconfig */,
				214CE14E1BFC59B538C66D6C /* Pods-yenne_app_25688-yenne_app_25688Tests.debug.xcconfig */,
				B71DE9BD21837A31629D830F /* Pods-yenne_app_25688-yenne_app_25688Tests.release.xcconfig */,
				DB41801C062054BE91778BF3 /* Pods-OneSignalNotificationServiceExtension.debug.xcconfig */,
				70524876AD26A5DFA55196A3 /* Pods-OneSignalNotificationServiceExtension.release.xcconfig */,
			);
			path = Pods;
			sourceTree = "<group>";
		};
		832341AE1AAA6A7D00B99B32 /* Libraries */ = {
			isa = PBXGroup;
			children = (
			);
			name = Libraries;
			sourceTree = "<group>";
		};
		83CBB9F61A601CBA00E9B192 = {
			isa = PBXGroup;
			children = (
				2AD40495262888B800E6A900 /* Resources */,
				13B07FAE1A68108700A75B9A /* yenne_app_25688 */,
				832341AE1AAA6A7D00B99B32 /* Libraries */,
				00E356EF1AD99517003FC87E /* yenne_app_25688Tests */,
				2A91478427167DEA00654E8C /* OneSignalNotificationServiceExtension */,
				83CBBA001A601CBA00E9B192 /* Products */,
				2D16E6871FA4F8E400B85C8A /* Frameworks */,
				30E247087D3B80C174E140A5 /* Pods */,
			);
			indentWidth = 2;
			sourceTree = "<group>";
			tabWidth = 2;
			usesTabs = 0;
		};
		83CBBA001A601CBA00E9B192 /* Products */ = {
			isa = PBXGroup;
			children = (
				13B07F961A680F5B00A75B9A /* yenne_app_25688.app */,
				00E356EE1AD99517003FC87E /* yenne_app_25688Tests.xctest */,
				2A91478327167DEA00654E8C /* OneSignalNotificationServiceExtension.appex */,
			);
			name = Products;
			sourceTree = "<group>";
		};
/* End PBXGroup section */

/* Begin PBXNativeTarget section */
		00E356ED1AD99517003FC87E /* yenne_app_25688Tests */ = {
			isa = PBXNativeTarget;
			buildConfigurationList = 00E357021AD99517003FC87E /* Build configuration list for PBXNativeTarget "yenne_app_25688Tests" */;
			buildPhases = (
				A1FAB5289E7FA695BC9F556D /* [CP] Check Pods Manifest.lock */,
				00E356EA1AD99517003FC87E /* Sources */,
				00E356EB1AD99517003FC87E /* Frameworks */,
				00E356EC1AD99517003FC87E /* Resources */,
				61A6DD443F86DBCE4A999D88 /* [CP] Embed Pods Frameworks */,
				0F49A6AE5F930835BB7A99E1 /* [CP] Copy Pods Resources */,
			);
			buildRules = (
			);
			dependencies = (
				00E356F51AD99517003FC87E /* PBXTargetDependency */,
			);
			name = yenne_app_25688Tests;
			productName = yenne_app_25688Tests;
			productReference = 00E356EE1AD99517003FC87E /* yenne_app_25688Tests.xctest */;
			productType = "com.apple.product-type.bundle.unit-test";
		};
		13B07F861A680F5B00A75B9A /* yenne_app_25688 */ = {
			isa = PBXNativeTarget;
			buildConfigurationList = 13B07F931A680F5B00A75B9A /* Build configuration list for PBXNativeTarget "yenne_app_25688" */;
			buildPhases = (
				AFDDCF0AAAA6B035FC6F5E26 /* [CP] Check Pods Manifest.lock */,
				FD10A7F022414F080027D42C /* Start Packager */,
				13B07F871A680F5B00A75B9A /* Sources */,
				13B07F8C1A680F5B00A75B9A /* Frameworks */,
				13B07F8E1A680F5B00A75B9A /* Resources */,
				00DD1BFF1BD5951E006B06BC /* Bundle React Native code and images */,
				9A504D415C60F670B92F92D5 /* [CP] Embed Pods Frameworks */,
				B23701101DE9E6CE46BF212E /* [CP] Copy Pods Resources */,
				2A91478E27167DEA00654E8C /* Embed App Extensions */,
			);
			buildRules = (
			);
			dependencies = (
				2A91478927167DEA00654E8C /* PBXTargetDependency */,
			);
			name = yenne_app_25688;
			productName = yenne_app_25688;
			productReference = 13B07F961A680F5B00A75B9A /* yenne_app_25688.app */;
			productType = "com.apple.product-type.application";
		};
		2A91478227167DEA00654E8C /* OneSignalNotificationServiceExtension */ = {
			isa = PBXNativeTarget;
			buildConfigurationList = 2A91478B27167DEA00654E8C /* Build configuration list for PBXNativeTarget "OneSignalNotificationServiceExtension" */;
			buildPhases = (
				4946808D937A8D8EF2B75478 /* [CP] Check Pods Manifest.lock */,
				2A91477F27167DEA00654E8C /* Sources */,
				2A91478027167DEA00654E8C /* Frameworks */,
				2A91478127167DEA00654E8C /* Resources */,
			);
			buildRules = (
			);
			dependencies = (
			);
			name = OneSignalNotificationServiceExtension;
			productName = OneSignalNotificationServiceExtension;
			productReference = 2A91478327167DEA00654E8C /* OneSignalNotificationServiceExtension.appex */;
			productType = "com.apple.product-type.app-extension";
		};
/* End PBXNativeTarget section */

/* Begin PBXProject section */
		83CBB9F71A601CBA00E9B192 /* Project object */ = {
			isa = PBXProject;
			attributes = {
				LastSwiftUpdateCheck = 1240;
				LastUpgradeCheck = 1210;
				TargetAttributes = {
					00E356ED1AD99517003FC87E = {
						CreatedOnToolsVersion = 6.2;
						TestTargetID = 13B07F861A680F5B00A75B9A;
					};
					13B07F861A680F5B00A75B9A = {
						LastSwiftMigration = 1120;
					};
					2A91478227167DEA00654E8C = {
						CreatedOnToolsVersion = 12.4;
					};
				};
			};
			buildConfigurationList = 83CBB9FA1A601CBA00E9B192 /* Build configuration list for PBXProject "yenne_app_25688" */;
			compatibilityVersion = "Xcode 12.0";
			developmentRegion = en;
			hasScannedForEncodings = 0;
			knownRegions = (
				en,
				Base,
			);
			mainGroup = 83CBB9F61A601CBA00E9B192;
			productRefGroup = 83CBBA001A601CBA00E9B192 /* Products */;
			projectDirPath = "";
			projectRoot = "";
			targets = (
				13B07F861A680F5B00A75B9A /* yenne_app_25688 */,
				00E356ED1AD99517003FC87E /* yenne_app_25688Tests */,
				2A91478227167DEA00654E8C /* OneSignalNotificationServiceExtension */,
			);
		};
/* End PBXProject section */

/* Begin PBXResourcesBuildPhase section */
		00E356EC1AD99517003FC87E /* Resources */ = {
			isa = PBXResourcesBuildPhase;
			buildActionMask = 2147483647;
			files = (
			);
			runOnlyForDeploymentPostprocessing = 0;
		};
		13B07F8E1A680F5B00A75B9A /* Resources */ = {
			isa = PBXResourcesBuildPhase;
			buildActionMask = 2147483647;
			files = (
				2A7D5029262AAC1300B2F364 /* Poppins-SemiBold.ttf in Resources */,
				2A7D502A262AAC1300B2F364 /* Poppins-Regular.ttf in Resources */,
				2A7D5024262AAA1E00B2F364 /* Poppins-Medium.ttf in Resources */,
				2AD095E42628634F00A7BFAD /* fontawesome.ttf in Resources */,
				2AD095E52628634F00A7BFAD /* Lato-Regular.ttf in Resources */,
				2AD095E62628634F00A7BFAD /* PlayfairDisplay-Regular.ttf in Resources */,
				2AD095E72628634F00A7BFAD /* CrimsonText-Regular.ttf in Resources */,
				2AD095E82628634F00A7BFAD /* OpenSans-Regular.ttf in Resources */,
				2AD095E92628634F00A7BFAD /* Roboto-Regular.ttf in Resources */,
				2AD095EA2628634F00A7BFAD /* RobotoMono-BoldItalic.ttf in Resources */,
				2AD095EB2628634F00A7BFAD /* Roboto-Light.ttf in Resources */,
				2AD095EC2628634F00A7BFAD /* RobotoMono-Italic.ttf in Resources */,
				2AD095ED2628634F00A7BFAD /* Merriweather-Italic.ttf in Resources */,
				2AD095EE2628634F00A7BFAD /* Lato-Bold.ttf in Resources */,
				2AD095EF2628634F00A7BFAD /* Roboto-Bold.ttf in Resources */,
				2AD095F02628634F00A7BFAD /* Merriweather-Regular.ttf in Resources */,
				2AD095F12628634F00A7BFAD /* Montserrat-Bold.ttf in Resources */,
				2AD095F22628634F00A7BFAD /* Nunito-BoldItalic.ttf in Resources */,
				2AD095F32628634F00A7BFAD /* Lato-Italic.ttf in Resources */,
				2AD095F42628634F00A7BFAD /* icomoon.ttf in Resources */,
				2AD095F52628634F00A7BFAD /* OpenSans-Italic.ttf in Resources */,
				2AD095F62628634F00A7BFAD /* Righteous-Regular.ttf in Resources */,
				2AD095F72628634F00A7BFAD /* CrimsonText-Bold.ttf in Resources */,
				2AD095F82628634F00A7BFAD /* RobotoMono-Regular.ttf in Resources */,
				2AD095F92628634F00A7BFAD /* CrimsonText-Italic.ttf in Resources */,
				2AD095FA2628634F00A7BFAD /* Merriweather-Bold.ttf in Resources */,
				2AD095FB2628634F00A7BFAD /* Nunito-Regular.ttf in Resources */,
				2AD095FC2628634F00A7BFAD /* Roboto-Medium.ttf in Resources */,
				2AD095FD2628634F00A7BFAD /* Roboto-BoldItalic.ttf in Resources */,
				2AD095FE2628634F00A7BFAD /* RobotoMono-Bold.ttf in Resources */,
				2AD095FF2628634F00A7BFAD /* Nunito-Italic.ttf in Resources */,
				2AD096002628634F00A7BFAD /* Lato-BoldItalic.ttf in Resources */,
				2AD096012628634F00A7BFAD /* Montserrat-Regular.ttf in Resources */,
				2AD096022628634F00A7BFAD /* PlayfairDisplay-BoldItalic.ttf in Resources */,
				2AD096032628634F00A7BFAD /* Montserrat-BoldItalic.ttf in Resources */,
				2AD096042628634F00A7BFAD /* PlayfairDisplay-Italic.ttf in Resources */,
				2AD096052628634F00A7BFAD /* Merriweather-BoldItalic.ttf in Resources */,
				2AD096062628634F00A7BFAD /* CrimsonText-BoldItalic.ttf in Resources */,
				2AD096072628634F00A7BFAD /* OpenSans-Bold.ttf in Resources */,
				2AD096082628634F00A7BFAD /* OpenSans-BoldItalic.ttf in Resources */,
				2AD096092628634F00A7BFAD /* PlayfairDisplay-Bold.ttf in Resources */,
				2AD0960A2628634F00A7BFAD /* Roboto-Italic.ttf in Resources */,
				2AD0960B2628634F00A7BFAD /* Nunito-Bold.ttf in Resources */,
				2AD0960C2628634F00A7BFAD /* Montserrat-Italic.ttf in Resources */,
				81AB9BB82411601600AC10FF /* LaunchScreen.storyboard in Resources */,
				13B07FBF1A68108700A75B9A /* Images.xcassets in Resources */,
			);
			runOnlyForDeploymentPostprocessing = 0;
		};
		2A91478127167DEA00654E8C /* Resources */ = {
			isa = PBXResourcesBuildPhase;
			buildActionMask = 2147483647;
			files = (
			);
			runOnlyForDeploymentPostprocessing = 0;
		};
/* End PBXResourcesBuildPhase section */

/* Begin PBXShellScriptBuildPhase section */
		00DD1BFF1BD5951E006B06BC /* Bundle React Native code and images */ = {
			isa = PBXShellScriptBuildPhase;
			buildActionMask = 2147483647;
			files = (
			);
			inputPaths = (
			);
			name = "Bundle React Native code and images";
			outputPaths = (
			);
			runOnlyForDeploymentPostprocessing = 0;
			shellPath = /bin/sh;
			shellScript = "set -e\n\nexport NODE_BINARY=node\n../node_modules/react-native/scripts/react-native-xcode.sh\n";
		};
		0F49A6AE5F930835BB7A99E1 /* [CP] Copy Pods Resources */ = {
			isa = PBXShellScriptBuildPhase;
			buildActionMask = 2147483647;
			files = (
			);
			inputFileListPaths = (
				"${PODS_ROOT}/Target Support Files/Pods-yenne_app_25688-yenne_app_25688Tests/Pods-yenne_app_25688-yenne_app_25688Tests-resources-${CONFIGURATION}-input-files.xcfilelist",
			);
			name = "[CP] Copy Pods Resources";
			outputFileListPaths = (
				"${PODS_ROOT}/Target Support Files/Pods-yenne_app_25688-yenne_app_25688Tests/Pods-yenne_app_25688-yenne_app_25688Tests-resources-${CONFIGURATION}-output-files.xcfilelist",
			);
			runOnlyForDeploymentPostprocessing = 0;
			shellPath = /bin/sh;
			shellScript = "\"${PODS_ROOT}/Target Support Files/Pods-yenne_app_25688-yenne_app_25688Tests/Pods-yenne_app_25688-yenne_app_25688Tests-resources.sh\"\n";
			showEnvVarsInLog = 0;
		};
		4946808D937A8D8EF2B75478 /* [CP] Check Pods Manifest.lock */ = {
			isa = PBXShellScriptBuildPhase;
			buildActionMask = 2147483647;
			files = (
			);
			inputFileListPaths = (
			);
			inputPaths = (
				"${PODS_PODFILE_DIR_PATH}/Podfile.lock",
				"${PODS_ROOT}/Manifest.lock",
			);
			name = "[CP] Check Pods Manifest.lock";
			outputFileListPaths = (
			);
			outputPaths = (
				"$(DERIVED_FILE_DIR)/Pods-OneSignalNotificationServiceExtension-checkManifestLockResult.txt",
			);
			runOnlyForDeploymentPostprocessing = 0;
			shellPath = /bin/sh;
			shellScript = "diff \"${PODS_PODFILE_DIR_PATH}/Podfile.lock\" \"${PODS_ROOT}/Manifest.lock\" > /dev/null\nif [ $? != 0 ] ; then\n    # print error to STDERR\n    echo \"error: The sandbox is not in sync with the Podfile.lock. Run 'pod install' or update your CocoaPods installation.\" >&2\n    exit 1\nfi\n# This output is used by Xcode 'outputs' to avoid re-running this script phase.\necho \"SUCCESS\" > \"${SCRIPT_OUTPUT_FILE_0}\"\n";
			showEnvVarsInLog = 0;
		};
		61A6DD443F86DBCE4A999D88 /* [CP] Embed Pods Frameworks */ = {
			isa = PBXShellScriptBuildPhase;
			buildActionMask = 2147483647;
			files = (
			);
			inputFileListPaths = (
				"${PODS_ROOT}/Target Support Files/Pods-yenne_app_25688-yenne_app_25688Tests/Pods-yenne_app_25688-yenne_app_25688Tests-frameworks-${CONFIGURATION}-input-files.xcfilelist",
			);
			name = "[CP] Embed Pods Frameworks";
			outputFileListPaths = (
				"${PODS_ROOT}/Target Support Files/Pods-yenne_app_25688-yenne_app_25688Tests/Pods-yenne_app_25688-yenne_app_25688Tests-frameworks-${CONFIGURATION}-output-files.xcfilelist",
			);
			runOnlyForDeploymentPostprocessing = 0;
			shellPath = /bin/sh;
			shellScript = "\"${PODS_ROOT}/Target Support Files/Pods-yenne_app_25688-yenne_app_25688Tests/Pods-yenne_app_25688-yenne_app_25688Tests-frameworks.sh\"\n";
			showEnvVarsInLog = 0;
		};
		9A504D415C60F670B92F92D5 /* [CP] Embed Pods Frameworks */ = {
			isa = PBXShellScriptBuildPhase;
			buildActionMask = 2147483647;
			files = (
			);
			inputFileListPaths = (
				"${PODS_ROOT}/Target Support Files/Pods-yenne_app_25688/Pods-yenne_app_25688-frameworks-${CONFIGURATION}-input-files.xcfilelist",
			);
			name = "[CP] Embed Pods Frameworks";
			outputFileListPaths = (
				"${PODS_ROOT}/Target Support Files/Pods-yenne_app_25688/Pods-yenne_app_25688-frameworks-${CONFIGURATION}-output-files.xcfilelist",
			);
			runOnlyForDeploymentPostprocessing = 0;
			shellPath = /bin/sh;
			shellScript = "\"${PODS_ROOT}/Target Support Files/Pods-yenne_app_25688/Pods-yenne_app_25688-frameworks.sh\"\n";
			showEnvVarsInLog = 0;
		};
		A1FAB5289E7FA695BC9F556D /* [CP] Check Pods Manifest.lock */ = {
			isa = PBXShellScriptBuildPhase;
			buildActionMask = 2147483647;
			files = (
			);
			inputFileListPaths = (
			);
			inputPaths = (
				"${PODS_PODFILE_DIR_PATH}/Podfile.lock",
				"${PODS_ROOT}/Manifest.lock",
			);
			name = "[CP] Check Pods Manifest.lock";
			outputFileListPaths = (
			);
			outputPaths = (
				"$(DERIVED_FILE_DIR)/Pods-yenne_app_25688-yenne_app_25688Tests-checkManifestLockResult.txt",
			);
			runOnlyForDeploymentPostprocessing = 0;
			shellPath = /bin/sh;
			shellScript = "diff \"${PODS_PODFILE_DIR_PATH}/Podfile.lock\" \"${PODS_ROOT}/Manifest.lock\" > /dev/null\nif [ $? != 0 ] ; then\n    # print error to STDERR\n    echo \"error: The sandbox is not in sync with the Podfile.lock. Run 'pod install' or update your CocoaPods installation.\" >&2\n    exit 1\nfi\n# This output is used by Xcode 'outputs' to avoid re-running this script phase.\necho \"SUCCESS\" > \"${SCRIPT_OUTPUT_FILE_0}\"\n";
			showEnvVarsInLog = 0;
		};
		AFDDCF0AAAA6B035FC6F5E26 /* [CP] Check Pods Manifest.lock */ = {
			isa = PBXShellScriptBuildPhase;
			buildActionMask = 2147483647;
			files = (
			);
			inputFileListPaths = (
			);
			inputPaths = (
				"${PODS_PODFILE_DIR_PATH}/Podfile.lock",
				"${PODS_ROOT}/Manifest.lock",
			);
			name = "[CP] Check Pods Manifest.lock";
			outputFileListPaths = (
			);
			outputPaths = (
				"$(DERIVED_FILE_DIR)/Pods-yenne_app_25688-checkManifestLockResult.txt",
			);
			runOnlyForDeploymentPostprocessing = 0;
			shellPath = /bin/sh;
			shellScript = "diff \"${PODS_PODFILE_DIR_PATH}/Podfile.lock\" \"${PODS_ROOT}/Manifest.lock\" > /dev/null\nif [ $? != 0 ] ; then\n    # print error to STDERR\n    echo \"error: The sandbox is not in sync with the Podfile.lock. Run 'pod install' or update your CocoaPods installation.\" >&2\n    exit 1\nfi\n# This output is used by Xcode 'outputs' to avoid re-running this script phase.\necho \"SUCCESS\" > \"${SCRIPT_OUTPUT_FILE_0}\"\n";
			showEnvVarsInLog = 0;
		};
		B23701101DE9E6CE46BF212E /* [CP] Copy Pods Resources */ = {
			isa = PBXShellScriptBuildPhase;
			buildActionMask = 2147483647;
			files = (
			);
			inputFileListPaths = (
				"${PODS_ROOT}/Target Support Files/Pods-yenne_app_25688/Pods-yenne_app_25688-resources-${CONFIGURATION}-input-files.xcfilelist",
			);
			name = "[CP] Copy Pods Resources";
			outputFileListPaths = (
				"${PODS_ROOT}/Target Support Files/Pods-yenne_app_25688/Pods-yenne_app_25688-resources-${CONFIGURATION}-output-files.xcfilelist",
			);
			runOnlyForDeploymentPostprocessing = 0;
			shellPath = /bin/sh;
			shellScript = "\"${PODS_ROOT}/Target Support Files/Pods-yenne_app_25688/Pods-yenne_app_25688-resources.sh\"\n";
			showEnvVarsInLog = 0;
		};
		FD10A7F022414F080027D42C /* Start Packager */ = {
			isa = PBXShellScriptBuildPhase;
			buildActionMask = 2147483647;
			files = (
			);
			inputFileListPaths = (
			);
			inputPaths = (
			);
			name = "Start Packager";
			outputFileListPaths = (
			);
			outputPaths = (
			);
			runOnlyForDeploymentPostprocessing = 0;
			shellPath = /bin/sh;
			shellScript = "export RCT_METRO_PORT=\"${RCT_METRO_PORT:=8081}\"\necho \"export RCT_METRO_PORT=${RCT_METRO_PORT}\" > \"${SRCROOT}/../node_modules/react-native/scripts/.packager.env\"\nif [ -z \"${RCT_NO_LAUNCH_PACKAGER+xxx}\" ] ; then\n  if nc -w 5 -z localhost ${RCT_METRO_PORT} ; then\n    if ! curl -s \"http://localhost:${RCT_METRO_PORT}/status\" | grep -q \"packager-status:running\" ; then\n      echo \"Port ${RCT_METRO_PORT} already in use, packager is either not running or not running correctly\"\n      exit 2\n    fi\n  else\n    open \"$SRCROOT/../node_modules/react-native/scripts/launchPackager.command\" || echo \"Can't start packager automatically\"\n  fi\nfi\n";
			showEnvVarsInLog = 0;
		};
/* End PBXShellScriptBuildPhase section */

/* Begin PBXSourcesBuildPhase section */
		00E356EA1AD99517003FC87E /* Sources */ = {
			isa = PBXSourcesBuildPhase;
			buildActionMask = 2147483647;
			files = (
				00E356F31AD99517003FC87E /* yenne_app_25688Tests.m in Sources */,
			);
			runOnlyForDeploymentPostprocessing = 0;
		};
		13B07F871A680F5B00A75B9A /* Sources */ = {
			isa = PBXSourcesBuildPhase;
			buildActionMask = 2147483647;
			files = (
				13B07FBC1A68108700A75B9A /* AppDelegate.m in Sources */,
				13B07FC11A68108700A75B9A /* main.m in Sources */,
			);
			runOnlyForDeploymentPostprocessing = 0;
		};
		2A91477F27167DEA00654E8C /* Sources */ = {
			isa = PBXSourcesBuildPhase;
			buildActionMask = 2147483647;
			files = (
				2A91478627167DEA00654E8C /* NotificationService.swift in Sources */,
			);
			runOnlyForDeploymentPostprocessing = 0;
		};
/* End PBXSourcesBuildPhase section */

/* Begin PBXTargetDependency section */
		00E356F51AD99517003FC87E /* PBXTargetDependency */ = {
			isa = PBXTargetDependency;
			target = 13B07F861A680F5B00A75B9A /* yenne_app_25688 */;
			targetProxy = 00E356F41AD99517003FC87E /* PBXContainerItemProxy */;
		};
		2A91478927167DEA00654E8C /* PBXTargetDependency */ = {
			isa = PBXTargetDependency;
			target = 2A91478227167DEA00654E8C /* OneSignalNotificationServiceExtension */;
			targetProxy = 2A91478827167DEA00654E8C /* PBXContainerItemProxy */;
		};
/* End PBXTargetDependency section */

/* Begin XCBuildConfiguration section */
		00E356F61AD99517003FC87E /* Debug */ = {
			isa = XCBuildConfiguration;
			baseConfigurationReference = 214CE14E1BFC59B538C66D6C /* Pods-yenne_app_25688-yenne_app_25688Tests.debug.xcconfig */;
			buildSettings = {
				BUNDLE_LOADER = "$(TEST_HOST)";
				GCC_PREPROCESSOR_DEFINITIONS = (
					"DEBUG=1",
					"$(inherited)",
				);
				INFOPLIST_FILE = yenne_app_25688Tests/Info.plist;
				IPHONEOS_DEPLOYMENT_TARGET = 10.0;
				LD_RUNPATH_SEARCH_PATHS = (
					"$(inherited)",
					"@executable_path/Frameworks",
					"@loader_path/Frameworks",
				);
				OTHER_LDFLAGS = (
					"-ObjC",
					"-lc++",
					"$(inherited)",
				);
				PRODUCT_BUNDLE_IDENTIFIER = "org.reactjs.native.example.$(PRODUCT_NAME:rfc1034identifier)";
				PRODUCT_NAME = "$(TARGET_NAME)";
				TEST_HOST = "$(BUILT_PRODUCTS_DIR)/yenne_app_25688.app/yenne_app_25688";
			};
			name = Debug;
		};
		00E356F71AD99517003FC87E /* Release */ = {
			isa = XCBuildConfiguration;
			baseConfigurationReference = B71DE9BD21837A31629D830F /* Pods-yenne_app_25688-yenne_app_25688Tests.release.xcconfig */;
			buildSettings = {
				BUNDLE_LOADER = "$(TEST_HOST)";
				COPY_PHASE_STRIP = NO;
				INFOPLIST_FILE = yenne_app_25688Tests/Info.plist;
				IPHONEOS_DEPLOYMENT_TARGET = 10.0;
				LD_RUNPATH_SEARCH_PATHS = (
					"$(inherited)",
					"@executable_path/Frameworks",
					"@loader_path/Frameworks",
				);
				OTHER_LDFLAGS = (
					"-ObjC",
					"-lc++",
					"$(inherited)",
				);
				PRODUCT_BUNDLE_IDENTIFIER = "org.reactjs.native.example.$(PRODUCT_NAME:rfc1034identifier)";
				PRODUCT_NAME = "$(TARGET_NAME)";
				TEST_HOST = "$(BUILT_PRODUCTS_DIR)/yenne_app_25688.app/yenne_app_25688";
			};
			name = Release;
		};
		13B07F941A680F5B00A75B9A /* Debug */ = {
			isa = XCBuildConfiguration;
			baseConfigurationReference = DA477B82E2E25FB47D4501D7 /* Pods-yenne_app_25688.debug.xcconfig */;
			buildSettings = {
				ALWAYS_EMBED_SWIFT_STANDARD_LIBRARIES = YES;
				ASSETCATALOG_COMPILER_APPICON_NAME = AppIcon;
				CLANG_ENABLE_MODULES = YES;
				CODE_SIGN_ENTITLEMENTS = yenne_app_25688/yenne_app_25688.entitlements;
				CURRENT_PROJECT_VERSION = 13;
				DEVELOPMENT_TEAM = 6YKR59QXKM;
				ENABLE_BITCODE = NO;
				INFOPLIST_FILE = yenne_app_25688/Info.plist;
				IPHONEOS_DEPLOYMENT_TARGET = 11.0;
				LD_RUNPATH_SEARCH_PATHS = (
					"$(inherited)",
					"@executable_path/Frameworks",
				);
				LIBRARY_SEARCH_PATHS = (
					"$(inherited)",
					"$(SDKROOT)/usr/lib/swift",
				);
				OTHER_LDFLAGS = (
					"$(inherited)",
					"-ObjC",
					"-lc++",
				);
				PRODUCT_BUNDLE_IDENTIFIER = com.crowdbotics.yenne;
				PRODUCT_NAME = yenne_app_25688;
				SWIFT_OPTIMIZATION_LEVEL = "-Onone";
				SWIFT_VERSION = 5.0;
				VERSIONING_SYSTEM = "apple-generic";
			};
			name = Debug;
		};
		13B07F951A680F5B00A75B9A /* Release */ = {
			isa = XCBuildConfiguration;
			baseConfigurationReference = 7718BA26529E9AFB4BF9B7C2 /* Pods-yenne_app_25688.release.xcconfig */;
			buildSettings = {
				ALWAYS_EMBED_SWIFT_STANDARD_LIBRARIES = YES;
				ASSETCATALOG_COMPILER_APPICON_NAME = AppIcon;
				CLANG_ENABLE_MODULES = YES;
				CODE_SIGN_ENTITLEMENTS = yenne_app_25688/yenne_app_25688.entitlements;
				CURRENT_PROJECT_VERSION = 13;
				DEVELOPMENT_TEAM = 6YKR59QXKM;
				INFOPLIST_FILE = yenne_app_25688/Info.plist;
				IPHONEOS_DEPLOYMENT_TARGET = 11.0;
				LD_RUNPATH_SEARCH_PATHS = (
					"$(inherited)",
					"@executable_path/Frameworks",
				);
				LIBRARY_SEARCH_PATHS = (
					"$(inherited)",
					"$(SDKROOT)/usr/lib/swift",
				);
				OTHER_LDFLAGS = (
					"$(inherited)",
					"-ObjC",
					"-lc++",
				);
				PRODUCT_BUNDLE_IDENTIFIER = com.crowdbotics.yenne;
				PRODUCT_NAME = yenne_app_25688;
				SWIFT_VERSION = 5.0;
				VERSIONING_SYSTEM = "apple-generic";
			};
			name = Release;
		};
		2A91478C27167DEA00654E8C /* Debug */ = {
			isa = XCBuildConfiguration;
			baseConfigurationReference = DB41801C062054BE91778BF3 /* Pods-OneSignalNotificationServiceExtension.debug.xcconfig */;
			buildSettings = {
				CLANG_ANALYZER_NONNULL = YES;
				CLANG_ANALYZER_NUMBER_OBJECT_CONVERSION = YES_AGGRESSIVE;
				CLANG_CXX_LANGUAGE_STANDARD = "gnu++14";
				CLANG_ENABLE_OBJC_WEAK = YES;
				CLANG_WARN_DOCUMENTATION_COMMENTS = YES;
				CLANG_WARN_UNGUARDED_AVAILABILITY = YES_AGGRESSIVE;
				CODE_SIGN_STYLE = Automatic;
				CURRENT_PROJECT_VERSION = 13;
				DEBUG_INFORMATION_FORMAT = dwarf;
				DEVELOPMENT_TEAM = 6YKR59QXKM;
				GCC_C_LANGUAGE_STANDARD = gnu11;
				INFOPLIST_FILE = OneSignalNotificationServiceExtension/Info.plist;
				IPHONEOS_DEPLOYMENT_TARGET = 14.4;
				LD_RUNPATH_SEARCH_PATHS = (
					"$(inherited)",
					"@executable_path/Frameworks",
					"@executable_path/../../Frameworks",
				);
				MTL_ENABLE_DEBUG_INFO = INCLUDE_SOURCE;
				MTL_FAST_MATH = YES;
				PRODUCT_BUNDLE_IDENTIFIER = com.crowdbotics.yenne.OneSignalNotificationServiceExtension;
				PRODUCT_NAME = "$(TARGET_NAME)";
				SKIP_INSTALL = YES;
				SWIFT_ACTIVE_COMPILATION_CONDITIONS = DEBUG;
				SWIFT_OPTIMIZATION_LEVEL = "-Onone";
				SWIFT_VERSION = 5.0;
				TARGETED_DEVICE_FAMILY = "1,2";
			};
			name = Debug;
		};
		2A91478D27167DEA00654E8C /* Release */ = {
			isa = XCBuildConfiguration;
			baseConfigurationReference = 70524876AD26A5DFA55196A3 /* Pods-OneSignalNotificationServiceExtension.release.xcconfig */;
			buildSettings = {
				CLANG_ANALYZER_NONNULL = YES;
				CLANG_ANALYZER_NUMBER_OBJECT_CONVERSION = YES_AGGRESSIVE;
				CLANG_CXX_LANGUAGE_STANDARD = "gnu++14";
				CLANG_ENABLE_OBJC_WEAK = YES;
				CLANG_WARN_DOCUMENTATION_COMMENTS = YES;
				CLANG_WARN_UNGUARDED_AVAILABILITY = YES_AGGRESSIVE;
				CODE_SIGN_STYLE = Automatic;
				COPY_PHASE_STRIP = NO;
				CURRENT_PROJECT_VERSION = 13;
				DEBUG_INFORMATION_FORMAT = "dwarf-with-dsym";
				DEVELOPMENT_TEAM = 6YKR59QXKM;
				GCC_C_LANGUAGE_STANDARD = gnu11;
				INFOPLIST_FILE = OneSignalNotificationServiceExtension/Info.plist;
				IPHONEOS_DEPLOYMENT_TARGET = 14.4;
				LD_RUNPATH_SEARCH_PATHS = (
					"$(inherited)",
					"@executable_path/Frameworks",
					"@executable_path/../../Frameworks",
				);
				MTL_FAST_MATH = YES;
				PRODUCT_BUNDLE_IDENTIFIER = com.crowdbotics.yenne.OneSignalNotificationServiceExtension;
				PRODUCT_NAME = "$(TARGET_NAME)";
				SKIP_INSTALL = YES;
				SWIFT_COMPILATION_MODE = wholemodule;
				SWIFT_OPTIMIZATION_LEVEL = "-O";
				SWIFT_VERSION = 5.0;
				TARGETED_DEVICE_FAMILY = "1,2";
			};
			name = Release;
		};
		83CBBA201A601CBA00E9B192 /* Debug */ = {
			isa = XCBuildConfiguration;
			buildSettings = {
				ALWAYS_SEARCH_USER_PATHS = NO;
				CLANG_ANALYZER_LOCALIZABILITY_NONLOCALIZED = YES;
				CLANG_CXX_LANGUAGE_STANDARD = "gnu++0x";
				CLANG_CXX_LIBRARY = "libc++";
				CLANG_ENABLE_MODULES = YES;
				CLANG_ENABLE_OBJC_ARC = YES;
				CLANG_WARN_BLOCK_CAPTURE_AUTORELEASING = YES;
				CLANG_WARN_BOOL_CONVERSION = YES;
				CLANG_WARN_COMMA = YES;
				CLANG_WARN_CONSTANT_CONVERSION = YES;
				CLANG_WARN_DEPRECATED_OBJC_IMPLEMENTATIONS = YES;
				CLANG_WARN_DIRECT_OBJC_ISA_USAGE = YES_ERROR;
				CLANG_WARN_EMPTY_BODY = YES;
				CLANG_WARN_ENUM_CONVERSION = YES;
				CLANG_WARN_INFINITE_RECURSION = YES;
				CLANG_WARN_INT_CONVERSION = YES;
				CLANG_WARN_NON_LITERAL_NULL_CONVERSION = YES;
				CLANG_WARN_OBJC_IMPLICIT_RETAIN_SELF = YES;
				CLANG_WARN_OBJC_LITERAL_CONVERSION = YES;
				CLANG_WARN_OBJC_ROOT_CLASS = YES_ERROR;
				CLANG_WARN_QUOTED_INCLUDE_IN_FRAMEWORK_HEADER = YES;
				CLANG_WARN_RANGE_LOOP_ANALYSIS = YES;
				CLANG_WARN_STRICT_PROTOTYPES = YES;
				CLANG_WARN_SUSPICIOUS_MOVE = YES;
				CLANG_WARN_UNREACHABLE_CODE = YES;
				CLANG_WARN__DUPLICATE_METHOD_MATCH = YES;
				"CODE_SIGN_IDENTITY[sdk=iphoneos*]" = "iPhone Developer";
				COPY_PHASE_STRIP = NO;
				ENABLE_STRICT_OBJC_MSGSEND = YES;
				ENABLE_TESTABILITY = YES;
				"EXCLUDED_ARCHS[sdk=iphonesimulator*]" = "arm64 ";
				GCC_C_LANGUAGE_STANDARD = gnu99;
				GCC_DYNAMIC_NO_PIC = NO;
				GCC_NO_COMMON_BLOCKS = YES;
				GCC_OPTIMIZATION_LEVEL = 0;
				GCC_PREPROCESSOR_DEFINITIONS = (
					"DEBUG=1",
					"$(inherited)",
				);
				GCC_SYMBOLS_PRIVATE_EXTERN = NO;
				GCC_WARN_64_TO_32_BIT_CONVERSION = YES;
				GCC_WARN_ABOUT_RETURN_TYPE = YES_ERROR;
				GCC_WARN_UNDECLARED_SELECTOR = YES;
				GCC_WARN_UNINITIALIZED_AUTOS = YES_AGGRESSIVE;
				GCC_WARN_UNUSED_FUNCTION = YES;
				GCC_WARN_UNUSED_VARIABLE = YES;
				IPHONEOS_DEPLOYMENT_TARGET = 10.0;
				LD_RUNPATH_SEARCH_PATHS = (
					/usr/lib/swift,
					"$(inherited)",
				);
				LIBRARY_SEARCH_PATHS = (
					"\"$(TOOLCHAIN_DIR)/usr/lib/swift/$(PLATFORM_NAME)\"",
					"\"$(TOOLCHAIN_DIR)/usr/lib/swift-5.0/$(PLATFORM_NAME)\"",
					"\"$(inherited)\"",
				);
				MTL_ENABLE_DEBUG_INFO = YES;
				ONLY_ACTIVE_ARCH = YES;
				SDKROOT = iphoneos;
			};
			name = Debug;
		};
		83CBBA211A601CBA00E9B192 /* Release */ = {
			isa = XCBuildConfiguration;
			buildSettings = {
				ALWAYS_SEARCH_USER_PATHS = NO;
				CLANG_ANALYZER_LOCALIZABILITY_NONLOCALIZED = YES;
				CLANG_CXX_LANGUAGE_STANDARD = "gnu++0x";
				CLANG_CXX_LIBRARY = "libc++";
				CLANG_ENABLE_MODULES = YES;
				CLANG_ENABLE_OBJC_ARC = YES;
				CLANG_WARN_BLOCK_CAPTURE_AUTORELEASING = YES;
				CLANG_WARN_BOOL_CONVERSION = YES;
				CLANG_WARN_COMMA = YES;
				CLANG_WARN_CONSTANT_CONVERSION = YES;
				CLANG_WARN_DEPRECATED_OBJC_IMPLEMENTATIONS = YES;
				CLANG_WARN_DIRECT_OBJC_ISA_USAGE = YES_ERROR;
				CLANG_WARN_EMPTY_BODY = YES;
				CLANG_WARN_ENUM_CONVERSION = YES;
				CLANG_WARN_INFINITE_RECURSION = YES;
				CLANG_WARN_INT_CONVERSION = YES;
				CLANG_WARN_NON_LITERAL_NULL_CONVERSION = YES;
				CLANG_WARN_OBJC_IMPLICIT_RETAIN_SELF = YES;
				CLANG_WARN_OBJC_LITERAL_CONVERSION = YES;
				CLANG_WARN_OBJC_ROOT_CLASS = YES_ERROR;
				CLANG_WARN_QUOTED_INCLUDE_IN_FRAMEWORK_HEADER = YES;
				CLANG_WARN_RANGE_LOOP_ANALYSIS = YES;
				CLANG_WARN_STRICT_PROTOTYPES = YES;
				CLANG_WARN_SUSPICIOUS_MOVE = YES;
				CLANG_WARN_UNREACHABLE_CODE = YES;
				CLANG_WARN__DUPLICATE_METHOD_MATCH = YES;
				"CODE_SIGN_IDENTITY[sdk=iphoneos*]" = "iPhone Developer";
				COPY_PHASE_STRIP = YES;
				ENABLE_NS_ASSERTIONS = NO;
				ENABLE_STRICT_OBJC_MSGSEND = YES;
				"EXCLUDED_ARCHS[sdk=iphonesimulator*]" = "arm64 ";
				GCC_C_LANGUAGE_STANDARD = gnu99;
				GCC_NO_COMMON_BLOCKS = YES;
				GCC_WARN_64_TO_32_BIT_CONVERSION = YES;
				GCC_WARN_ABOUT_RETURN_TYPE = YES_ERROR;
				GCC_WARN_UNDECLARED_SELECTOR = YES;
				GCC_WARN_UNINITIALIZED_AUTOS = YES_AGGRESSIVE;
				GCC_WARN_UNUSED_FUNCTION = YES;
				GCC_WARN_UNUSED_VARIABLE = YES;
				IPHONEOS_DEPLOYMENT_TARGET = 10.0;
				LD_RUNPATH_SEARCH_PATHS = (
					/usr/lib/swift,
					"$(inherited)",
				);
				LIBRARY_SEARCH_PATHS = (
					"\"$(TOOLCHAIN_DIR)/usr/lib/swift/$(PLATFORM_NAME)\"",
					"\"$(TOOLCHAIN_DIR)/usr/lib/swift-5.0/$(PLATFORM_NAME)\"",
					"\"$(inherited)\"",
				);
				MTL_ENABLE_DEBUG_INFO = NO;
				SDKROOT = iphoneos;
				VALIDATE_PRODUCT = YES;
			};
			name = Release;
		};
/* End XCBuildConfiguration section */

/* Begin XCConfigurationList section */
		00E357021AD99517003FC87E /* Build configuration list for PBXNativeTarget "yenne_app_25688Tests" */ = {
			isa = XCConfigurationList;
			buildConfigurations = (
				00E356F61AD99517003FC87E /* Debug */,
				00E356F71AD99517003FC87E /* Release */,
			);
			defaultConfigurationIsVisible = 0;
			defaultConfigurationName = Release;
		};
		13B07F931A680F5B00A75B9A /* Build configuration list for PBXNativeTarget "yenne_app_25688" */ = {
			isa = XCConfigurationList;
			buildConfigurations = (
				13B07F941A680F5B00A75B9A /* Debug */,
				13B07F951A680F5B00A75B9A /* Release */,
			);
			defaultConfigurationIsVisible = 0;
			defaultConfigurationName = Release;
		};
		2A91478B27167DEA00654E8C /* Build configuration list for PBXNativeTarget "OneSignalNotificationServiceExtension" */ = {
			isa = XCConfigurationList;
			buildConfigurations = (
				2A91478C27167DEA00654E8C /* Debug */,
				2A91478D27167DEA00654E8C /* Release */,
			);
			defaultConfigurationIsVisible = 0;
			defaultConfigurationName = Release;
		};
		83CBB9FA1A601CBA00E9B192 /* Build configuration list for PBXProject "yenne_app_25688" */ = {
			isa = XCConfigurationList;
			buildConfigurations = (
				83CBBA201A601CBA00E9B192 /* Debug */,
				83CBBA211A601CBA00E9B192 /* Release */,
			);
			defaultConfigurationIsVisible = 0;
			defaultConfigurationName = Release;
		};
/* End XCConfigurationList section */
	};
	rootObject = 83CBB9F71A601CBA00E9B192 /* Project object */;
}
